
Microsoft Visual Studio Solution File, Format Version 12.00
# Visual Studio Version 16
VisualStudioVersion = 16.0.31911.196
MinimumVisualStudioVersion = 10.0.40219.1
Project("{8BC9CEB8-8B4A-11D0-8D11-00A0C91BC942}") = "06最小生成树_Kruskal", "06最小生成树_Kruskal.vcxproj", "{9D2AF9DA-E2DF-46FB-AEF1-AF49491DDC68}"
EndProject
Global
	GlobalSection(SolutionConfigurationPlatforms) = preSolution
		Debug|x64 = Debug|x64
		Debug|x86 = Debug|x86
		Release|x64 = Release|x64
		Release|x86 = Release|x86
	EndGlobalSection
	GlobalSection(ProjectConfigurationPlatforms) = postSolution
		{9D2AF9DA-E2DF-46FB-AEF1-AF49491DDC68}.Debug|x64.ActiveCfg = Debug|x64
		{9D2AF9DA-E2DF-46FB-AEF1-AF49491DDC68}.Debug|x64.Build.0 = Debug|x64
		{9D2AF9DA-E2DF-46FB-AEF1-AF49491DDC68}.Debug|x86.ActiveCfg = Debug|Win32
		{9D2AF9DA-E2DF-46FB-AEF1-AF49491DDC68}.Debug|x86.Build.0 = Debug|Win32
		{9D2AF9DA-E2DF-46FB-AEF1-AF49491DDC68}.Release|x64.ActiveCfg = Release|x64
		{9D2AF9DA-E2DF-46FB-AEF1-AF49491DDC68}.Release|x64.Build.0 = Release|x64
		{9D2AF9DA-E2DF-46FB-AEF1-AF49491DDC68}.Release|x86.ActiveCfg = Release|Win32
		{9D2AF9DA-E2DF-46FB-AEF1-AF49491DDC68}.Release|x86.Build.0 = Release|Win32
	EndGlobalSection
	GlobalSection(SolutionProperties) = preSolution
		HideSolutionNode = FALSE
	EndGlobalSection
	GlobalSection(ExtensibilityGlobals) = postSolution
		SolutionGuid = {59A528D2-3898-4DB8-BFE1-79F23FDDF814}
	EndGlobalSection
EndGlobal
